
Microsoft Visual Studio Solution File, Format Version 12.00
# Visual Studio Version 17
VisualStudioVersion = 17.1.32210.238
MinimumVisualStudioVersion = 10.0.40219.1
Project("{9A19103F-16F7-4668-BE54-9A1E7A4F7556}") = "BigFile", "BigFile.csproj", "{7F6511EB-F0C3-4FA2-8E7E-917FDBB4B375}"
EndProject
Project("{FAE04EC0-301F-11D3-BF4B-00C04F79EFBC}") = "UnitTests", "..\UnitTests\UnitTests.csproj", "{D1820C33-3B5E-470D-B2FA-60B58FC09AC7}"
EndProject
Project("{9A19103F-16F7-4668-BE54-9A1E7A4F7556}") = "CustomVirtualListView", "..\CustomVirtualListView\CustomVirtualListView.csproj", "{50E90553-160A-42B9-A94C-86EB61017B1A}"
EndProject
Global
	GlobalSection(SolutionConfigurationPlatforms) = preSolution
		Debug|Any CPU = Debug|Any CPU
		Release|Any CPU = Release|Any CPU
	EndGlobalSection
	GlobalSection(ProjectConfigurationPlatforms) = postSolution
		{7F6511EB-F0C3-4FA2-8E7E-917FDBB4B375}.Debug|Any CPU.ActiveCfg = Debug|Any CPU
		{7F6511EB-F0C3-4FA2-8E7E-917FDBB4B375}.Debug|Any CPU.Build.0 = Debug|Any CPU
		{7F6511EB-F0C3-4FA2-8E7E-917FDBB4B375}.Release|Any CPU.ActiveCfg = Release|Any CPU
		{7F6511EB-F0C3-4FA2-8E7E-917FDBB4B375}.Release|Any CPU.Build.0 = Release|Any CPU
		{D1820C33-3B5E-470D-B2FA-60B58FC09AC7}.Debug|Any CPU.ActiveCfg = Debug|Any CPU
		{D1820C33-3B5E-470D-B2FA-60B58FC09AC7}.Debug|Any CPU.Build.0 = Debug|Any CPU
		{D1820C33-3B5E-470D-B2FA-60B58FC09AC7}.Release|Any CPU.ActiveCfg = Release|Any CPU
		{D1820C33-3B5E-470D-B2FA-60B58FC09AC7}.Release|Any CPU.Build.0 = Release|Any CPU
		{50E90553-160A-42B9-A94C-86EB61017B1A}.Debug|Any CPU.ActiveCfg = Debug|Any CPU
		{50E90553-160A-42B9-A94C-86EB61017B1A}.Debug|Any CPU.Build.0 = Debug|Any CPU
		{50E90553-160A-42B9-A94C-86EB61017B1A}.Release|Any CPU.ActiveCfg = Release|Any CPU
		{50E90553-160A-42B9-A94C-86EB61017B1A}.Release|Any CPU.Build.0 = Release|Any CPU
	EndGlobalSection
	GlobalSection(SolutionProperties) = preSolution
		HideSolutionNode = FALSE
	EndGlobalSection
	GlobalSection(ExtensibilityGlobals) = postSolution
		SolutionGuid = {270190E2-D176-4FA9-B10A-284560D7A711}
	EndGlobalSection
EndGlobal
